// !$*UTF8*$!
{
	archiveVersion = 1;
	classes = {
	};
	objectVersion = 46;
	objects = {

/* Begin PBXBuildFile section */
		B3E7B58A1CC2AC0600A0062D /* Przelewy24Payment.m in Sources */ = {isa = PBXBuildFile; fileRef = B3E7B5891CC2AC0600A0062D /* Przelewy24Payment.m */; };
		B45AB34823E86C2600ACE6B2 /* libP24-bitcode.a in Frameworks */ = {isa = PBXBuildFile; fileRef = B45AB34623E86C2600ACE6B2 /* libP24-bitcode.a */; };
		B45AB34B23E86CCF00ACE6B2 /* Security.framework in Frameworks */ = {isa = PBXBuildFile; fileRef = B45AB34A23E86CCF00ACE6B2 /* Security.framework */; };
		B45AB34D23E86CD600ACE6B2 /* UIKit.framework in Frameworks */ = {isa = PBXBuildFile; fileRef = B45AB34C23E86CD600ACE6B2 /* UIKit.framework */; };
		B45AB34F23E86CE000ACE6B2 /* Foundation.framework in Frameworks */ = {isa = PBXBuildFile; fileRef = B45AB34E23E86CE000ACE6B2 /* Foundation.framework */; };
		B45AB35123E86CEA00ACE6B2 /* libz.tbd in Frameworks */ = {isa = PBXBuildFile; fileRef = B45AB35023E86CEA00ACE6B2 /* libz.tbd */; };
		B45AB35323E86CF200ACE6B2 /* WebKit.framework in Frameworks */ = {isa = PBXBuildFile; fileRef = B45AB35223E86CF200ACE6B2 /* WebKit.framework */; };
		B45AB35523E86CFC00ACE6B2 /* PassKit.framework in Frameworks */ = {isa = PBXBuildFile; fileRef = B45AB35423E86CFC00ACE6B2 /* PassKit.framework */; };
/* End PBXBuildFile section */

/* Begin PBXCopyFilesBuildPhase section */
		58B511D91A9E6C8500147676 /* CopyFiles */ = {
			isa = PBXCopyFilesBuildPhase;
			buildActionMask = 2147483647;
			dstPath = "include/$(PRODUCT_NAME)";
			dstSubfolderSpec = 16;
			files = (
			);
			runOnlyForDeploymentPostprocessing = 0;
		};
/* End PBXCopyFilesBuildPhase section */

/* Begin PBXFileReference section */
		134814201AA4EA6300B7C361 /* libPrzelewy24Payment.a */ = {isa = PBXFileReference; explicitFileType = archive.ar; includeInIndex = 0; path = libPrzelewy24Payment.a; sourceTree = BUILT_PRODUCTS_DIR; };
		B3E7B5881CC2AC0600A0062D /* Przelewy24Payment.h */ = {isa = PBXFileReference; fileEncoding = 4; lastKnownFileType = sourcecode.c.h; path = Przelewy24Payment.h; sourceTree = "<group>"; };
		B3E7B5891CC2AC0600A0062D /* Przelewy24Payment.m */ = {isa = PBXFileReference; fileEncoding = 4; lastKnownFileType = sourcecode.c.objc; path = Przelewy24Payment.m; sourceTree = "<group>"; };
		B45AB34623E86C2600ACE6B2 /* libP24-bitcode.a */ = {isa = PBXFileReference; lastKnownFileType = archive.ar; path = "libP24-bitcode.a"; sourceTree = "<group>"; };
		B45AB34723E86C2600ACE6B2 /* P24.h */ = {isa = PBXFileReference; fileEncoding = 4; lastKnownFileType = sourcecode.c.h; path = P24.h; sourceTree = "<group>"; };
		B45AB34A23E86CCF00ACE6B2 /* Security.framework */ = {isa = PBXFileReference; lastKnownFileType = wrapper.framework; name = Security.framework; path = Platforms/MacOSX.platform/Developer/SDKs/MacOSX10.15.sdk/System/Library/Frameworks/Security.framework; sourceTree = DEVELOPER_DIR; };
		B45AB34C23E86CD600ACE6B2 /* UIKit.framework */ = {isa = PBXFileReference; lastKnownFileType = wrapper.framework; name = UIKit.framework; path = System/Library/Frameworks/UIKit.framework; sourceTree = SDKROOT; };
		B45AB34E23E86CE000ACE6B2 /* Foundation.framework */ = {isa = PBXFileReference; lastKnownFileType = wrapper.framework; name = Foundation.framework; path = Platforms/MacOSX.platform/Developer/SDKs/MacOSX10.15.sdk/System/Library/Frameworks/Foundation.framework; sourceTree = DEVELOPER_DIR; };
		B45AB35023E86CEA00ACE6B2 /* libz.tbd */ = {isa = PBXFileReference; lastKnownFileType = "sourcecode.text-based-dylib-definition"; name = libz.tbd; path = Platforms/MacOSX.platform/Developer/SDKs/MacOSX10.15.sdk/usr/lib/libz.tbd; sourceTree = DEVELOPER_DIR; };
		B45AB35223E86CF200ACE6B2 /* WebKit.framework */ = {isa = PBXFileReference; lastKnownFileType = wrapper.framework; name = WebKit.framework; path = Platforms/MacOSX.platform/Developer/SDKs/MacOSX10.15.sdk/System/Library/Frameworks/WebKit.framework; sourceTree = DEVELOPER_DIR; };
		B45AB35423E86CFC00ACE6B2 /* PassKit.framework */ = {isa = PBXFileReference; lastKnownFileType = wrapper.framework; name = PassKit.framework; path = System/Library/Frameworks/PassKit.framework; sourceTree = SDKROOT; };
/* End PBXFileReference section */

/* Begin PBXFrameworksBuildPhase section */
		58B511D81A9E6C8500147676 /* Frameworks */ = {
			isa = PBXFrameworksBuildPhase;
			buildActionMask = 2147483647;
			files = (
				B45AB35523E86CFC00ACE6B2 /* PassKit.framework in Frameworks */,
				B45AB35323E86CF200ACE6B2 /* WebKit.framework in Frameworks */,
				B45AB35123E86CEA00ACE6B2 /* libz.tbd in Frameworks */,
				B45AB34F23E86CE000ACE6B2 /* Foundation.framework in Frameworks */,
				B45AB34D23E86CD600ACE6B2 /* UIKit.framework in Frameworks */,
				B45AB34B23E86CCF00ACE6B2 /* Security.framework in Frameworks */,
				B45AB34823E86C2600ACE6B2 /* libP24-bitcode.a in Frameworks */,
			);
			runOnlyForDeploymentPostprocessing = 0;
		};
/* End PBXFrameworksBuildPhase section */

/* Begin PBXGroup section */
		134814211AA4EA7D00B7C361 /* Products */ = {
			isa = PBXGroup;
			children = (
				134814201AA4EA6300B7C361 /* libPrzelewy24Payment.a */,
			);
			name = Products;
			sourceTree = "<group>";
		};
		58B511D21A9E6C8500147676 = {
			isa = PBXGroup;
			children = (
				B45AB34623E86C2600ACE6B2 /* libP24-bitcode.a */,
				B45AB34723E86C2600ACE6B2 /* P24.h */,
				B3E7B5881CC2AC0600A0062D /* Przelewy24Payment.h */,
				B3E7B5891CC2AC0600A0062D /* Przelewy24Payment.m */,
				134814211AA4EA7D00B7C361 /* Products */,
				B45AB34923E86CCF00ACE6B2 /* Frameworks */,
			);
			sourceTree = "<group>";
		};
		B45AB34923E86CCF00ACE6B2 /* Frameworks */ = {
			isa = PBXGroup;
			children = (
				B45AB35423E86CFC00ACE6B2 /* PassKit.framework */,
				B45AB35223E86CF200ACE6B2 /* WebKit.framework */,
				B45AB35023E86CEA00ACE6B2 /* libz.tbd */,
				B45AB34E23E86CE000ACE6B2 /* Foundation.framework */,
				B45AB34C23E86CD600ACE6B2 /* UIKit.framework */,
				B45AB34A23E86CCF00ACE6B2 /* Security.framework */,
			);
			name = Frameworks;
			sourceTree = "<group>";
		};
/* End PBXGroup section */

/* Begin PBXNativeTarget section */
		58B511DA1A9E6C8500147676 /* Przelewy24Payment */ = {
			isa = PBXNativeTarget;
			buildConfigurationList = 58B511EF1A9E6C8500147676 /* Build configuration list for PBXNativeTarget "Przelewy24Payment" */;
			buildPhases = (
				58B511D71A9E6C8500147676 /* Sources */,
				58B511D81A9E6C8500147676 /* Frameworks */,
				58B511D91A9E6C8500147676 /* CopyFiles */,
			);
			buildRules = (
			);
			dependencies = (
			);
			name = Przelewy24Payment;
			productName = RCTDataManager;
			productReference = 134814201AA4EA6300B7C361 /* libPrzelewy24Payment.a */;
			productType = "com.apple.product-type.library.static";
		};
/* End PBXNativeTarget section */

/* Begin PBXProject section */
		58B511D31A9E6C8500147676 /* Project object */ = {
			isa = PBXProject;
			attributes = {
				LastUpgradeCheck = 0920;
				ORGANIZATIONNAME = Facebook;
				TargetAttributes = {
					58B511DA1A9E6C8500147676 = {
						CreatedOnToolsVersion = 6.1.1;
					};
				};
			};
			buildConfigurationList = 58B511D61A9E6C8500147676 /* Build configuration list for PBXProject "Przelewy24Payment" */;
			compatibilityVersion = "Xcode 3.2";
			developmentRegion = English;
			hasScannedForEncodings = 0;
			knownRegions = (
				English,
				en,
			);
			mainGroup = 58B511D21A9E6C8500147676;
			productRefGroup = 58B511D21A9E6C8500147676;
			projectDirPath = "";
			projectRoot = "";
			targets = (
				58B511DA1A9E6C8500147676 /* Przelewy24Payment */,
			);
		};
/* End PBXProject section */

/* Begin PBXSourcesBuildPhase section */
		58B511D71A9E6C8500147676 /* Sources */ = {
			isa = PBXSourcesBuildPhase;
			buildActionMask = 2147483647;
			files = (
				B3E7B58A1CC2AC0600A0062D /* Przelewy24Payment.m in Sources */,
			);
			runOnlyForDeploymentPostprocessing = 0;
		};
/* End PBXSourcesBuildPhase section */

/* Begin XCBuildConfiguration section */
		58B511ED1A9E6C8500147676 /* Debug */ = {
			isa = XCBuildConfiguration;
			buildSettings = {
				ALWAYS_SEARCH_USER_PATHS = NO;
				CLANG_CXX_LANGUAGE_STANDARD = "gnu++0x";
				CLANG_CXX_LIBRARY = "libc++";
				CLANG_ENABLE_MODULES = YES;
				CLANG_ENABLE_OBJC_ARC = YES;
				CLANG_WARN_BLOCK_CAPTURE_AUTORELEASING = YES;
				CLANG_WARN_BOOL_CONVERSION = YES;
				CLANG_WARN_COMMA = YES;
				CLANG_WARN_CONSTANT_CONVERSION = YES;
				CLANG_WARN_DIRECT_OBJC_ISA_USAGE = YES_ERROR;
				CLANG_WARN_EMPTY_BODY = YES;
				CLANG_WARN_ENUM_CONVERSION = YES;
				CLANG_WARN_INFINITE_RECURSION = YES;
				CLANG_WARN_INT_CONVERSION = YES;
				CLANG_WARN_NON_LITERAL_NULL_CONVERSION = YES;
				CLANG_WARN_OBJC_LITERAL_CONVERSION = YES;
				CLANG_WARN_OBJC_ROOT_CLASS = YES_ERROR;
				CLANG_WARN_RANGE_LOOP_ANALYSIS = YES;
				CLANG_WARN_STRICT_PROTOTYPES = YES;
				CLANG_WARN_SUSPICIOUS_MOVE = YES;
				CLANG_WARN_UNREACHABLE_CODE = YES;
				CLANG_WARN__DUPLICATE_METHOD_MATCH = YES;
				COPY_PHASE_STRIP = NO;
				ENABLE_STRICT_OBJC_MSGSEND = YES;
				ENABLE_TESTABILITY = YES;
				GCC_C_LANGUAGE_STANDARD = gnu99;
				GCC_DYNAMIC_NO_PIC = NO;
				GCC_NO_COMMON_BLOCKS = YES;
				GCC_OPTIMIZATION_LEVEL = 0;
				GCC_PREPROCESSOR_DEFINITIONS = (
					"DEBUG=1",
					"$(inherited)",
				);
				GCC_SYMBOLS_PRIVATE_EXTERN = NO;
				GCC_WARN_64_TO_32_BIT_CONVERSION = YES;
				GCC_WARN_ABOUT_RETURN_TYPE = YES_ERROR;
				GCC_WARN_UNDECLARED_SELECTOR = YES;
				GCC_WARN_UNINITIALIZED_AUTOS = YES_AGGRESSIVE;
				GCC_WARN_UNUSED_FUNCTION = YES;
				GCC_WARN_UNUSED_VARIABLE = YES;
				IPHONEOS_DEPLOYMENT_TARGET = 8.0;
				MTL_ENABLE_DEBUG_INFO = YES;
				ONLY_ACTIVE_ARCH = YES;
				SDKROOT = iphoneos;
			};
			name = Debug;
		};
		58B511EE1A9E6C8500147676 /* Release */ = {
			isa = XCBuildConfiguration;
			buildSettings = {
				ALWAYS_SEARCH_USER_PATHS = NO;
				CLANG_CXX_LANGUAGE_STANDARD = "gnu++0x";
				CLANG_CXX_LIBRARY = "libc++";
				CLANG_ENABLE_MODULES = YES;
				CLANG_ENABLE_OBJC_ARC = YES;
				CLANG_WARN_BLOCK_CAPTURE_AUTORELEASING = YES;
				CLANG_WARN_BOOL_CONVERSION = YES;
				CLANG_WARN_COMMA = YES;
				CLANG_WARN_CONSTANT_CONVERSION = YES;
				CLANG_WARN_DIRECT_OBJC_ISA_USAGE = YES_ERROR;
				CLANG_WARN_EMPTY_BODY = YES;
				CLANG_WARN_ENUM_CONVERSION = YES;
				CLANG_WARN_INFINITE_RECURSION = YES;
				CLANG_WARN_INT_CONVERSION = YES;
				CLANG_WARN_NON_LITERAL_NULL_CONVERSION = YES;
				CLANG_WARN_OBJC_LITERAL_CONVERSION = YES;
				CLANG_WARN_OBJC_ROOT_CLASS = YES_ERROR;
				CLANG_WARN_RANGE_LOOP_ANALYSIS = YES;
				CLANG_WARN_STRICT_PROTOTYPES = YES;
				CLANG_WARN_SUSPICIOUS_MOVE = YES;
				CLANG_WARN_UNREACHABLE_CODE = YES;
				CLANG_WARN__DUPLICATE_METHOD_MATCH = YES;
				COPY_PHASE_STRIP = YES;
				ENABLE_NS_ASSERTIONS = NO;
				ENABLE_STRICT_OBJC_MSGSEND = YES;
				GCC_C_LANGUAGE_STANDARD = gnu99;
				GCC_NO_COMMON_BLOCKS = YES;
				GCC_WARN_64_TO_32_BIT_CONVERSION = YES;
				GCC_WARN_ABOUT_RETURN_TYPE = YES_ERROR;
				GCC_WARN_UNDECLARED_SELECTOR = YES;
				GCC_WARN_UNINITIALIZED_AUTOS = YES_AGGRESSIVE;
				GCC_WARN_UNUSED_FUNCTION = YES;
				GCC_WARN_UNUSED_VARIABLE = YES;
				IPHONEOS_DEPLOYMENT_TARGET = 8.0;
				MTL_ENABLE_DEBUG_INFO = NO;
				SDKROOT = iphoneos;
				VALIDATE_PRODUCT = YES;
			};
			name = Release;
		};
		58B511F01A9E6C8500147676 /* Debug */ = {
			isa = XCBuildConfiguration;
			buildSettings = {
				HEADER_SEARCH_PATHS = (
					"$(inherited)",
					/Applications/Xcode.app/Contents/Developer/Toolchains/XcodeDefault.xctoolchain/usr/include,
					"$(SRCROOT)/../../../React/**",
					"$(SRCROOT)/../../react-native/React/**",
				);
				LIBRARY_SEARCH_PATHS = (
					"$(inherited)",
					"$(PROJECT_DIR)",
				);
				OTHER_LDFLAGS = (
					"-ObjC",
					"-lstdc++",
				);
				PRODUCT_NAME = Przelewy24Payment;
				SKIP_INSTALL = YES;
			};
			name = Debug;
		};
		58B511F11A9E6C8500147676 /* Release */ = {
			isa = XCBuildConfiguration;
			buildSettings = {
				HEADER_SEARCH_PATHS = (
					"$(inherited)",
					/Applications/Xcode.app/Contents/Developer/Toolchains/XcodeDefault.xctoolchain/usr/include,
					"$(SRCROOT)/../../../React/**",
					"$(SRCROOT)/../../react-native/React/**",
				);
				LIBRARY_SEARCH_PATHS = (
					"$(inherited)",
					"$(PROJECT_DIR)",
				);
				OTHER_LDFLAGS = (
					"-ObjC",
					"-lstdc++",
				);
				PRODUCT_NAME = Przelewy24Payment;
				SKIP_INSTALL = YES;
			};
			name = Release;
		};
/* End XCBuildConfiguration section */

/* Begin XCConfigurationList section */
		58B511D61A9E6C8500147676 /* Build configuration list for PBXProject "Przelewy24Payment" */ = {
			isa = XCConfigurationList;
			buildConfigurations = (
				58B511ED1A9E6C8500147676 /* Debug */,
				58B511EE1A9E6C8500147676 /* Release */,
			);
			defaultConfigurationIsVisible = 0;
			defaultConfigurationName = Release;
		};
		58B511EF1A9E6C8500147676 /* Build configuration list for PBXNativeTarget "Przelewy24Payment" */ = {
			isa = XCConfigurationList;
			buildConfigurations = (
				58B511F01A9E6C8500147676 /* Debug */,
				58B511F11A9E6C8500147676 /* Release */,
			);
			defaultConfigurationIsVisible = 0;
			defaultConfigurationName = Release;
		};
/* End XCConfigurationList section */
	};
	rootObject = 58B511D31A9E6C8500147676 /* Project object */;
}
